
Microsoft Visual Studio Solution File, Format Version 12.00
# Visual Studio Version 16
VisualStudioVersion = 16.0.30320.27
MinimumVisualStudioVersion = 10.0.40219.1
Project("{FAE04EC0-301F-11D3-BF4B-00C04F79EFBC}") = "Test", "Test\Test.csproj", "{BE011CF6-C3B5-4B7F-91A4-EA76493AB5DC}"
EndProject
Global
	GlobalSection(SolutionConfigurationPlatforms) = preSolution
		Debug|Any CPU = Debug|Any CPU
		Release|Any CPU = Release|Any CPU
	EndGlobalSection
	GlobalSection(ProjectConfigurationPlatforms) = postSolution
		{BE011CF6-C3B5-4B7F-91A4-EA76493AB5DC}.Debug|Any CPU.ActiveCfg = Debug|Any CPU
		{BE011CF6-C3B5-4B7F-91A4-EA76493AB5DC}.Debug|Any CPU.Build.0 = Debug|Any CPU
		{BE011CF6-C3B5-4B7F-91A4-EA76493AB5DC}.Release|Any CPU.ActiveCfg = Release|Any CPU
		{BE011CF6-C3B5-4B7F-91A4-EA76493AB5DC}.Release|Any CPU.Build.0 = Release|Any CPU
	EndGlobalSection
	GlobalSection(SolutionProperties) = preSolution
		HideSolutionNode = FALSE
	EndGlobalSection
	GlobalSection(ExtensibilityGlobals) = postSolution
		SolutionGuid = {00ED7038-3AAA-434B-BC4B-4D492F8218CA}
	EndGlobalSection
EndGlobal
